
Microsoft Visual Studio Solution File, Format Version 12.00
# Visual Studio 15
VisualStudioVersion = 15.0.26730.12
MinimumVisualStudioVersion = 10.0.40219.1
Project("{9A19103F-16F7-4668-BE54-9A1E7A4F7556}") = "CS-499-Project", "CS-499-Project\CS-499-Project.csproj", "{4C96486C-E731-4F91-9C30-13BD0E4445F8}"
EndProject
Project("{2150E333-8FDC-42A3-9474-1A3956D46DE8}") = "Solution Items", "Solution Items", "{C2E9D4F3-AD4F-42F3-91AB-6F6C2C5F3B2D}"
EndProject
Global
	GlobalSection(SolutionConfigurationPlatforms) = preSolution
		Debug|Any CPU = Debug|Any CPU
		Release|Any CPU = Release|Any CPU
	EndGlobalSection
	GlobalSection(ProjectConfigurationPlatforms) = postSolution
		{4C96486C-E731-4F91-9C30-13BD0E4445F8}.Debug|Any CPU.ActiveCfg = Debug|Any CPU
		{4C96486C-E731-4F91-9C30-13BD0E4445F8}.Debug|Any CPU.Build.0 = Debug|Any CPU
		{4C96486C-E731-4F91-9C30-13BD0E4445F8}.Release|Any CPU.ActiveCfg = Release|Any CPU
		{4C96486C-E731-4F91-9C30-13BD0E4445F8}.Release|Any CPU.Build.0 = Release|Any CPU
	EndGlobalSection
	GlobalSection(SolutionProperties) = preSolution
		HideSolutionNode = FALSE
	EndGlobalSection
	GlobalSection(ExtensibilityGlobals) = postSolution
		SolutionGuid = {56E61D13-9467-487A-A4EC-2106C4B50363}
	EndGlobalSection
EndGlobal
